// !$*UTF8*$!
{
	archiveVersion = 1;
	classes = {
	};
	objectVersion = 46;
	objects = {

/* Begin PBXBuildFile section */
		9B9E84911A7FA92300527BA7 /* main.m in Sources */ = {isa = PBXBuildFile; fileRef = 9B9E84901A7FA92300527BA7 /* main.m */; };
		9B9E84941A7FA92300527BA7 /* AppDelegate.m in Sources */ = {isa = PBXBuildFile; fileRef = 9B9E84931A7FA92300527BA7 /* AppDelegate.m */; };
		9B9E84971A7FA92300527BA7 /* oo.xcdatamodeld in Sources */ = {isa = PBXBuildFile; fileRef = 9B9E84951A7FA92300527BA7 /* oo.xcdatamodeld */; };
		9B9E849A1A7FA92300527BA7 /* ViewController.m in Sources */ = {isa = PBXBuildFile; fileRef = 9B9E84991A7FA92300527BA7 /* ViewController.m */; };
		9B9E849D1A7FA92300527BA7 /* Main.storyboard in Resources */ = {isa = PBXBuildFile; fileRef = 9B9E849B1A7FA92300527BA7 /* Main.storyboard */; };
		9B9E849F1A7FA92300527BA7 /* Images.xcassets in Resources */ = {isa = PBXBuildFile; fileRef = 9B9E849E1A7FA92300527BA7 /* Images.xcassets */; };
		9B9E84A21A7FA92300527BA7 /* LaunchScreen.xib in Resources */ = {isa = PBXBuildFile; fileRef = 9B9E84A01A7FA92300527BA7 /* LaunchScreen.xib */; };
		9B9E84AE1A7FA92300527BA7 /* ooTests.m in Sources */ = {isa = PBXBuildFile; fileRef = 9B9E84AD1A7FA92300527BA7 /* ooTests.m */; };
/* End PBXBuildFile section */

/* Begin PBXContainerItemProxy section */
		9B9E84A81A7FA92300527BA7 /* PBXContainerItemProxy */ = {
			isa = PBXContainerItemProxy;
			containerPortal = 9B9E84831A7FA92300527BA7 /* Project object */;
			proxyType = 1;
			remoteGlobalIDString = 9B9E848A1A7FA92300527BA7;
			remoteInfo = oo;
		};
/* End PBXContainerItemProxy section */

/* Begin PBXFileReference section */
		9B9E848B1A7FA92300527BA7 /* oo.app */ = {isa = PBXFileReference; explicitFileType = wrapper.application; includeInIndex = 0; path = oo.app; sourceTree = BUILT_PRODUCTS_DIR; };
		9B9E848F1A7FA92300527BA7 /* Info.plist */ = {isa = PBXFileReference; lastKnownFileType = text.plist.xml; path = Info.plist; sourceTree = "<group>"; };
		9B9E84901A7FA92300527BA7 /* main.m */ = {isa = PBXFileReference; lastKnownFileType = sourcecode.c.objc; path = main.m; sourceTree = "<group>"; };
		9B9E84921A7FA92300527BA7 /* AppDelegate.h */ = {isa = PBXFileReference; lastKnownFileType = sourcecode.c.h; path = AppDelegate.h; sourceTree = "<group>"; };
		9B9E84931A7FA92300527BA7 /* AppDelegate.m */ = {isa = PBXFileReference; lastKnownFileType = sourcecode.c.objc; path = AppDelegate.m; sourceTree = "<group>"; };
		9B9E84961A7FA92300527BA7 /* oo.xcdatamodel */ = {isa = PBXFileReference; lastKnownFileType = wrapper.xcdatamodel; path = oo.xcdatamodel; sourceTree = "<group>"; };
		9B9E84981A7FA92300527BA7 /* ViewController.h */ = {isa = PBXFileReference; lastKnownFileType = sourcecode.c.h; path = ViewController.h; sourceTree = "<group>"; };
		9B9E84991A7FA92300527BA7 /* ViewController.m */ = {isa = PBXFileReference; lastKnownFileType = sourcecode.c.objc; path = ViewController.m; sourceTree = "<group>"; };
		9B9E849C1A7FA92300527BA7 /* Base */ = {isa = PBXFileReference; lastKnownFileType = file.storyboard; name = Base; path = Base.lproj/Main.storyboard; sourceTree = "<group>"; };
		9B9E849E1A7FA92300527BA7 /* Images.xcassets */ = {isa = PBXFileReference; lastKnownFileType = folder.assetcatalog; path = Images.xcassets; sourceTree = "<group>"; };
		9B9E84A11A7FA92300527BA7 /* Base */ = {isa = PBXFileReference; lastKnownFileType = file.xib; name = Base; path = Base.lproj/LaunchScreen.xib; sourceTree = "<group>"; };
		9B9E84A71A7FA92300527BA7 /* ooTests.xctest */ = {isa = PBXFileReference; explicitFileType = wrapper.cfbundle; includeInIndex = 0; path = ooTests.xctest; sourceTree = BUILT_PRODUCTS_DIR; };
		9B9E84AC1A7FA92300527BA7 /* Info.plist */ = {isa = PBXFileReference; lastKnownFileType = text.plist.xml; path = Info.plist; sourceTree = "<group>"; };
		9B9E84AD1A7FA92300527BA7 /* ooTests.m */ = {isa = PBXFileReference; lastKnownFileType = sourcecode.c.objc; path = ooTests.m; sourceTree = "<group>"; };
/* End PBXFileReference section */

/* Begin PBXFrameworksBuildPhase section */
		9B9E84881A7FA92300527BA7 /* Frameworks */ = {
			isa = PBXFrameworksBuildPhase;
			buildActionMask = 2147483647;
			files = (
			);
			runOnlyForDeploymentPostprocessing = 0;
		};
		9B9E84A41A7FA92300527BA7 /* Frameworks */ = {
			isa = PBXFrameworksBuildPhase;
			buildActionMask = 2147483647;
			files = (
			);
			runOnlyForDeploymentPostprocessing = 0;
		};
/* End PBXFrameworksBuildPhase section */

/* Begin PBXGroup section */
		9B9E84821A7FA92300527BA7 = {
			isa = PBXGroup;
			children = (
				9B9E848D1A7FA92300527BA7 /* oo */,
				9B9E84AA1A7FA92300527BA7 /* ooTests */,
				9B9E848C1A7FA92300527BA7 /* Products */,
			);
			sourceTree = "<group>";
		};
		9B9E848C1A7FA92300527BA7 /* Products */ = {
			isa = PBXGroup;
			children = (
				9B9E848B1A7FA92300527BA7 /* oo.app */,
				9B9E84A71A7FA92300527BA7 /* ooTests.xctest */,
			);
			name = Products;
			sourceTree = "<group>";
		};
		9B9E848D1A7FA92300527BA7 /* oo */ = {
			isa = PBXGroup;
			children = (
				9B9E84921A7FA92300527BA7 /* AppDelegate.h */,
				9B9E84931A7FA92300527BA7 /* AppDelegate.m */,
				9B9E84981A7FA92300527BA7 /* ViewController.h */,
				9B9E84991A7FA92300527BA7 /* ViewController.m */,
				9B9E849B1A7FA92300527BA7 /* Main.storyboard */,
				9B9E849E1A7FA92300527BA7 /* Images.xcassets */,
				9B9E84A01A7FA92300527BA7 /* LaunchScreen.xib */,
				9B9E84951A7FA92300527BA7 /* oo.xcdatamodeld */,
				9B9E848E1A7FA92300527BA7 /* Supporting Files */,
			);
			path = oo;
			sourceTree = "<group>";
		};
		9B9E848E1A7FA92300527BA7 /* Supporting Files */ = {
			isa = PBXGroup;
			children = (
				9B9E848F1A7FA92300527BA7 /* Info.plist */,
				9B9E84901A7FA92300527BA7 /* main.m */,
			);
			name = "Supporting Files";
			sourceTree = "<group>";
		};
		9B9E84AA1A7FA92300527BA7 /* ooTests */ = {
			isa = PBXGroup;
			children = (
				9B9E84AD1A7FA92300527BA7 /* ooTests.m */,
				9B9E84AB1A7FA92300527BA7 /* Supporting Files */,
			);
			path = ooTests;
			sourceTree = "<group>";
		};
		9B9E84AB1A7FA92300527BA7 /* Supporting Files */ = {
			isa = PBXGroup;
			children = (
				9B9E84AC1A7FA92300527BA7 /* Info.plist */,
			);
			name = "Supporting Files";
			sourceTree = "<group>";
		};
/* End PBXGroup section */

/* Begin PBXNativeTarget section */
		9B9E848A1A7FA92300527BA7 /* oo */ = {
			isa = PBXNativeTarget;
			buildConfigurationList = 9B9E84B11A7FA92300527BA7 /* Build configuration list for PBXNativeTarget "oo" */;
			buildPhases = (
				9B9E84871A7FA92300527BA7 /* Sources */,
				9B9E84881A7FA92300527BA7 /* Frameworks */,
				9B9E84891A7FA92300527BA7 /* Resources */,
			);
			buildRules = (
			);
			dependencies = (
			);
			name = oo;
			productName = oo;
			productReference = 9B9E848B1A7FA92300527BA7 /* oo.app */;
			productType = "com.apple.product-type.application";
		};
		9B9E84A61A7FA92300527BA7 /* ooTests */ = {
			isa = PBXNativeTarget;
			buildConfigurationList = 9B9E84B41A7FA92300527BA7 /* Build configuration list for PBXNativeTarget "ooTests" */;
			buildPhases = (
				9B9E84A31A7FA92300527BA7 /* Sources */,
				9B9E84A41A7FA92300527BA7 /* Frameworks */,
				9B9E84A51A7FA92300527BA7 /* Resources */,
			);
			buildRules = (
			);
			dependencies = (
				9B9E84A91A7FA92300527BA7 /* PBXTargetDependency */,
			);
			name = ooTests;
			productName = ooTests;
			productReference = 9B9E84A71A7FA92300527BA7 /* ooTests.xctest */;
			productType = "com.apple.product-type.bundle.unit-test";
		};
/* End PBXNativeTarget section */

/* Begin PBXProject section */
		9B9E84831A7FA92300527BA7 /* Project object */ = {
			isa = PBXProject;
			attributes = {
				LastUpgradeCheck = 0610;
				ORGANIZATIONNAME = "ADV App Development";
				TargetAttributes = {
					9B9E848A1A7FA92300527BA7 = {
						CreatedOnToolsVersion = 6.1.1;
					};
					9B9E84A61A7FA92300527BA7 = {
						CreatedOnToolsVersion = 6.1.1;
						TestTargetID = 9B9E848A1A7FA92300527BA7;
					};
				};
			};
			buildConfigurationList = 9B9E84861A7FA92300527BA7 /* Build configuration list for PBXProject "oo" */;
			compatibilityVersion = "Xcode 3.2";
			developmentRegion = English;
			hasScannedForEncodings = 0;
			knownRegions = (
				en,
				Base,
			);
			mainGroup = 9B9E84821A7FA92300527BA7;
			productRefGroup = 9B9E848C1A7FA92300527BA7 /* Products */;
			projectDirPath = "";
			projectRoot = "";
			targets = (
				9B9E848A1A7FA92300527BA7 /* oo */,
				9B9E84A61A7FA92300527BA7 /* ooTests */,
			);
		};
/* End PBXProject section */

/* Begin PBXResourcesBuildPhase section */
		9B9E84891A7FA92300527BA7 /* Resources */ = {
			isa = PBXResourcesBuildPhase;
			buildActionMask = 2147483647;
			files = (
				9B9E849D1A7FA92300527BA7 /* Main.storyboard in Resources */,
				9B9E84A21A7FA92300527BA7 /* LaunchScreen.xib in Resources */,
				9B9E849F1A7FA92300527BA7 /* Images.xcassets in Resources */,
			);
			runOnlyForDeploymentPostprocessing = 0;
		};
		9B9E84A51A7FA92300527BA7 /* Resources */ = {
			isa = PBXResourcesBuildPhase;
			buildActionMask = 2147483647;
			files = (
			);
			runOnlyForDeploymentPostprocessing = 0;
		};
/* End PBXResourcesBuildPhase section */

/* Begin PBXSourcesBuildPhase section */
		9B9E84871A7FA92300527BA7 /* Sources */ = {
			isa = PBXSourcesBuildPhase;
			buildActionMask = 2147483647;
			files = (
				9B9E84971A7FA92300527BA7 /* oo.xcdatamodeld in Sources */,
				9B9E84941A7FA92300527BA7 /* AppDelegate.m in Sources */,
				9B9E849A1A7FA92300527BA7 /* ViewController.m in Sources */,
				9B9E84911A7FA92300527BA7 /* main.m in Sources */,
			);
			runOnlyForDeploymentPostprocessing = 0;
		};
		9B9E84A31A7FA92300527BA7 /* Sources */ = {
			isa = PBXSourcesBuildPhase;
			buildActionMask = 2147483647;
			files = (
				9B9E84AE1A7FA92300527BA7 /* ooTests.m in Sources */,
			);
			runOnlyForDeploymentPostprocessing = 0;
		};
/* End PBXSourcesBuildPhase section */

/* Begin PBXTargetDependency section */
		9B9E84A91A7FA92300527BA7 /* PBXTargetDependency */ = {
			isa = PBXTargetDependency;
			target = 9B9E848A1A7FA92300527BA7 /* oo */;
			targetProxy = 9B9E84A81A7FA92300527BA7 /* PBXContainerItemProxy */;
		};
/* End PBXTargetDependency section */

/* Begin PBXVariantGroup section */
		9B9E849B1A7FA92300527BA7 /* Main.storyboard */ = {
			isa = PBXVariantGroup;
			children = (
				9B9E849C1A7FA92300527BA7 /* Base */,
			);
			name = Main.storyboard;
			sourceTree = "<group>";
		};
		9B9E84A01A7FA92300527BA7 /* LaunchScreen.xib */ = {
			isa = PBXVariantGroup;
			children = (
				9B9E84A11A7FA92300527BA7 /* Base */,
			);
			name = LaunchScreen.xib;
			sourceTree = "<group>";
		};
/* End PBXVariantGroup section */

/* Begin XCBuildConfiguration section */
		9B9E84AF1A7FA92300527BA7 /* Debug */ = {
			isa = XCBuildConfiguration;
			buildSettings = {
				ALWAYS_SEARCH_USER_PATHS = NO;
				CLANG_CXX_LANGUAGE_STANDARD = "gnu++0x";
				CLANG_CXX_LIBRARY = "libc++";
				CLANG_ENABLE_MODULES = YES;
				CLANG_ENABLE_OBJC_ARC = YES;
				CLANG_WARN_BOOL_CONVERSION = YES;
				CLANG_WARN_CONSTANT_CONVERSION = YES;
				CLANG_WARN_DIRECT_OBJC_ISA_USAGE = YES_ERROR;
				CLANG_WARN_EMPTY_BODY = YES;
				CLANG_WARN_ENUM_CONVERSION = YES;
				CLANG_WARN_INT_CONVERSION = YES;
				CLANG_WARN_OBJC_ROOT_CLASS = YES_ERROR;
				CLANG_WARN_UNREACHABLE_CODE = YES;
				CLANG_WARN__DUPLICATE_METHOD_MATCH = YES;
				"CODE_SIGN_IDENTITY[sdk=iphoneos*]" = "iPhone Developer";
				COPY_PHASE_STRIP = NO;
				ENABLE_STRICT_OBJC_MSGSEND = YES;
				GCC_C_LANGUAGE_STANDARD = gnu99;
				GCC_DYNAMIC_NO_PIC = NO;
				GCC_OPTIMIZATION_LEVEL = 0;
				GCC_PREPROCESSOR_DEFINITIONS = (
					"DEBUG=1",
					"$(inherited)",
				);
				GCC_SYMBOLS_PRIVATE_EXTERN = NO;
				GCC_WARN_64_TO_32_BIT_CONVERSION = YES;
				GCC_WARN_ABOUT_RETURN_TYPE = YES_ERROR;
				GCC_WARN_UNDECLARED_SELECTOR = YES;
				GCC_WARN_UNINITIALIZED_AUTOS = YES_AGGRESSIVE;
				GCC_WARN_UNUSED_FUNCTION = YES;
				GCC_WARN_UNUSED_VARIABLE = YES;
				IPHONEOS_DEPLOYMENT_TARGET = 8.1;
				MTL_ENABLE_DEBUG_INFO = YES;
				ONLY_ACTIVE_ARCH = YES;
				SDKROOT = iphoneos;
				TARGETED_DEVICE_FAMILY = "1,2";
			};
			name = Debug;
		};
		9B9E84B01A7FA92300527BA7 /* Release */ = {
			isa = XCBuildConfiguration;
			buildSettings = {
				ALWAYS_SEARCH_USER_PATHS = NO;
				CLANG_CXX_LANGUAGE_STANDARD = "gnu++0x";
				CLANG_CXX_LIBRARY = "libc++";
				CLANG_ENABLE_MODULES = YES;
				CLANG_ENABLE_OBJC_ARC = YES;
				CLANG_WARN_BOOL_CONVERSION = YES;
				CLANG_WARN_CONSTANT_CONVERSION = YES;
				CLANG_WARN_DIRECT_OBJC_ISA_USAGE = YES_ERROR;
				CLANG_WARN_EMPTY_BODY = YES;
				CLANG_WARN_ENUM_CONVERSION = YES;
				CLANG_WARN_INT_CONVERSION = YES;
				CLANG_WARN_OBJC_ROOT_CLASS = YES_ERROR;
				CLANG_WARN_UNREACHABLE_CODE = YES;
				CLANG_WARN__DUPLICATE_METHOD_MATCH = YES;
				"CODE_SIGN_IDENTITY[sdk=iphoneos*]" = "iPhone Developer";
				COPY_PHASE_STRIP = YES;
				ENABLE_NS_ASSERTIONS = NO;
				ENABLE_STRICT_OBJC_MSGSEND = YES;
				GCC_C_LANGUAGE_STANDARD = gnu99;
				GCC_WARN_64_TO_32_BIT_CONVERSION = YES;
				GCC_WARN_ABOUT_RETURN_TYPE = YES_ERROR;
				GCC_WARN_UNDECLARED_SELECTOR = YES;
				GCC_WARN_UNINITIALIZED_AUTOS = YES_AGGRESSIVE;
				GCC_WARN_UNUSED_FUNCTION = YES;
				GCC_WARN_UNUSED_VARIABLE = YES;
				IPHONEOS_DEPLOYMENT_TARGET = 8.1;
				MTL_ENABLE_DEBUG_INFO = NO;
				SDKROOT = iphoneos;
				TARGETED_DEVICE_FAMILY = "1,2";
				VALIDATE_PRODUCT = YES;
			};
			name = Release;
		};
		9B9E84B21A7FA92300527BA7 /* Debug */ = {
			isa = XCBuildConfiguration;
			buildSettings = {
				ASSETCATALOG_COMPILER_APPICON_NAME = AppIcon;
				INFOPLIST_FILE = oo/Info.plist;
				LD_RUNPATH_SEARCH_PATHS = "$(inherited) @executable_path/Frameworks";
				PRODUCT_NAME = "$(TARGET_NAME)";
			};
			name = Debug;
		};
		9B9E84B31A7FA92300527BA7 /* Release */ = {
			isa = XCBuildConfiguration;
			buildSettings = {
				ASSETCATALOG_COMPILER_APPICON_NAME = AppIcon;
				INFOPLIST_FILE = oo/Info.plist;
				LD_RUNPATH_SEARCH_PATHS = "$(inherited) @executable_path/Frameworks";
				PRODUCT_NAME = "$(TARGET_NAME)";
			};
			name = Release;
		};
		9B9E84B51A7FA92300527BA7 /* Debug */ = {
			isa = XCBuildConfiguration;
			buildSettings = {
				BUNDLE_LOADER = "$(TEST_HOST)";
				FRAMEWORK_SEARCH_PATHS = (
					"$(SDKROOT)/Developer/Library/Frameworks",
					"$(inherited)",
				);
				GCC_PREPROCESSOR_DEFINITIONS = (
					"DEBUG=1",
					"$(inherited)",
				);
				INFOPLIST_FILE = ooTests/Info.plist;
				LD_RUNPATH_SEARCH_PATHS = "$(inherited) @executable_path/Frameworks @loader_path/Frameworks";
				PRODUCT_NAME = "$(TARGET_NAME)";
				TEST_HOST = "$(BUILT_PRODUCTS_DIR)/oo.app/oo";
			};
			name = Debug;
		};
		9B9E84B61A7FA92300527BA7 /* Release */ = {
			isa = XCBuildConfiguration;
			buildSettings = {
				BUNDLE_LOADER = "$(TEST_HOST)";
				FRAMEWORK_SEARCH_PATHS = (
					"$(SDKROOT)/Developer/Library/Frameworks",
					"$(inherited)",
				);
				INFOPLIST_FILE = ooTests/Info.plist;
				LD_RUNPATH_SEARCH_PATHS = "$(inherited) @executable_path/Frameworks @loader_path/Frameworks";
				PRODUCT_NAME = "$(TARGET_NAME)";
				TEST_HOST = "$(BUILT_PRODUCTS_DIR)/oo.app/oo";
			};
			name = Release;
		};
/* End XCBuildConfiguration section */

/* Begin XCConfigurationList section */
		9B9E84861A7FA92300527BA7 /* Build configuration list for PBXProject "oo" */ = {
			isa = XCConfigurationList;
			buildConfigurations = (
				9B9E84AF1A7FA92300527BA7 /* Debug */,
				9B9E84B01A7FA92300527BA7 /* Release */,
			);
			defaultConfigurationIsVisible = 0;
			defaultConfigurationName = Release;
		};
		9B9E84B11A7FA92300527BA7 /* Build configuration list for PBXNativeTarget "oo" */ = {
			isa = XCConfigurationList;
			buildConfigurations = (
				9B9E84B21A7FA92300527BA7 /* Debug */,
				9B9E84B31A7FA92300527BA7 /* Release */,
			);
			defaultConfigurationIsVisible = 0;
		};
		9B9E84B41A7FA92300527BA7 /* Build configuration list for PBXNativeTarget "ooTests" */ = {
			isa = XCConfigurationList;
			buildConfigurations = (
				9B9E84B51A7FA92300527BA7 /* Debug */,
				9B9E84B61A7FA92300527BA7 /* Release */,
			);
			defaultConfigurationIsVisible = 0;
		};
/* End XCConfigurationList section */

/* Begin XCVersionGroup section */
		9B9E84951A7FA92300527BA7 /* oo.xcdatamodeld */ = {
			isa = XCVersionGroup;
			children = (
				9B9E84961A7FA92300527BA7 /* oo.xcdatamodel */,
			);
			currentVersion = 9B9E84961A7FA92300527BA7 /* oo.xcdatamodel */;
			path = oo.xcdatamodeld;
			sourceTree = "<group>";
			versionGroupType = wrapper.xcdatamodel;
		};
/* End XCVersionGroup section */
	};
	rootObject = 9B9E84831A7FA92300527BA7 /* Project object */;
}
